
Microsoft Visual Studio Solution File, Format Version 12.00
# Visual Studio Version 16
VisualStudioVersion = 16.0.31613.86
MinimumVisualStudioVersion = 10.0.40219.1
Project("{FAE04EC0-301F-11D3-BF4B-00C04F79EFBC}") = "Obligatorio2P3", "Obligatorio2P3\Obligatorio2P3.csproj", "{82D84E7C-4925-4D31-A7AF-0D85D981EF9C}"
EndProject
Project("{FAE04EC0-301F-11D3-BF4B-00C04F79EFBC}") = "Dominio", "Dominio\Dominio.csproj", "{72AC896C-7B9B-4F59-A669-F4CD89DE3C91}"
EndProject
Project("{FAE04EC0-301F-11D3-BF4B-00C04F79EFBC}") = "Repositorios", "Repositorios\Repositorios.csproj", "{7D17A849-6B02-418C-A871-5B9B9B7CF15A}"
EndProject
Project("{FAE04EC0-301F-11D3-BF4B-00C04F79EFBC}") = "Auxiliar", "Auxiliar\Auxiliar.csproj", "{3C73FD9F-361A-4943-A003-9EC80EABDCD9}"
EndProject
Project("{FAE04EC0-301F-11D3-BF4B-00C04F79EFBC}") = "WebObligatorio2P3", "WebObligatorio2P3\WebObligatorio2P3.csproj", "{E4DFEB0F-F87E-4FCA-A072-8D5C8278C2DA}"
	ProjectSection(ProjectDependencies) = postProject
		{99E9DD98-A5FC-4159-938B-7A3CF2DBAF13} = {99E9DD98-A5FC-4159-938B-7A3CF2DBAF13}
	EndProjectSection
EndProject
Project("{FAE04EC0-301F-11D3-BF4B-00C04F79EFBC}") = "ImportarInformacion", "ExportarInformacion\ImportarInformacion.csproj", "{F715EC9C-C138-4C53-AABA-E73AC0E88C7B}"
EndProject
Project("{FAE04EC0-301F-11D3-BF4B-00C04F79EFBC}") = "IngresoActividadWCF", "IngresoActividadWCF\IngresoActividadWCF.csproj", "{99E9DD98-A5FC-4159-938B-7A3CF2DBAF13}"
EndProject
Global
	GlobalSection(SolutionConfigurationPlatforms) = preSolution
		Debug|Any CPU = Debug|Any CPU
		Release|Any CPU = Release|Any CPU
	EndGlobalSection
	GlobalSection(ProjectConfigurationPlatforms) = postSolution
		{82D84E7C-4925-4D31-A7AF-0D85D981EF9C}.Debug|Any CPU.ActiveCfg = Debug|Any CPU
		{82D84E7C-4925-4D31-A7AF-0D85D981EF9C}.Debug|Any CPU.Build.0 = Debug|Any CPU
		{82D84E7C-4925-4D31-A7AF-0D85D981EF9C}.Release|Any CPU.ActiveCfg = Release|Any CPU
		{82D84E7C-4925-4D31-A7AF-0D85D981EF9C}.Release|Any CPU.Build.0 = Release|Any CPU
		{72AC896C-7B9B-4F59-A669-F4CD89DE3C91}.Debug|Any CPU.ActiveCfg = Debug|Any CPU
		{72AC896C-7B9B-4F59-A669-F4CD89DE3C91}.Debug|Any CPU.Build.0 = Debug|Any CPU
		{72AC896C-7B9B-4F59-A669-F4CD89DE3C91}.Release|Any CPU.ActiveCfg = Release|Any CPU
		{72AC896C-7B9B-4F59-A669-F4CD89DE3C91}.Release|Any CPU.Build.0 = Release|Any CPU
		{7D17A849-6B02-418C-A871-5B9B9B7CF15A}.Debug|Any CPU.ActiveCfg = Debug|Any CPU
		{7D17A849-6B02-418C-A871-5B9B9B7CF15A}.Debug|Any CPU.Build.0 = Debug|Any CPU
		{7D17A849-6B02-418C-A871-5B9B9B7CF15A}.Release|Any CPU.ActiveCfg = Release|Any CPU
		{7D17A849-6B02-418C-A871-5B9B9B7CF15A}.Release|Any CPU.Build.0 = Release|Any CPU
		{3C73FD9F-361A-4943-A003-9EC80EABDCD9}.Debug|Any CPU.ActiveCfg = Debug|Any CPU
		{3C73FD9F-361A-4943-A003-9EC80EABDCD9}.Debug|Any CPU.Build.0 = Debug|Any CPU
		{3C73FD9F-361A-4943-A003-9EC80EABDCD9}.Release|Any CPU.ActiveCfg = Release|Any CPU
		{3C73FD9F-361A-4943-A003-9EC80EABDCD9}.Release|Any CPU.Build.0 = Release|Any CPU
		{E4DFEB0F-F87E-4FCA-A072-8D5C8278C2DA}.Debug|Any CPU.ActiveCfg = Debug|Any CPU
		{E4DFEB0F-F87E-4FCA-A072-8D5C8278C2DA}.Debug|Any CPU.Build.0 = Debug|Any CPU
		{E4DFEB0F-F87E-4FCA-A072-8D5C8278C2DA}.Release|Any CPU.ActiveCfg = Release|Any CPU
		{E4DFEB0F-F87E-4FCA-A072-8D5C8278C2DA}.Release|Any CPU.Build.0 = Release|Any CPU
		{F715EC9C-C138-4C53-AABA-E73AC0E88C7B}.Debug|Any CPU.ActiveCfg = Debug|Any CPU
		{F715EC9C-C138-4C53-AABA-E73AC0E88C7B}.Debug|Any CPU.Build.0 = Debug|Any CPU
		{F715EC9C-C138-4C53-AABA-E73AC0E88C7B}.Release|Any CPU.ActiveCfg = Release|Any CPU
		{F715EC9C-C138-4C53-AABA-E73AC0E88C7B}.Release|Any CPU.Build.0 = Release|Any CPU
		{99E9DD98-A5FC-4159-938B-7A3CF2DBAF13}.Debug|Any CPU.ActiveCfg = Debug|Any CPU
		{99E9DD98-A5FC-4159-938B-7A3CF2DBAF13}.Debug|Any CPU.Build.0 = Debug|Any CPU
		{99E9DD98-A5FC-4159-938B-7A3CF2DBAF13}.Release|Any CPU.ActiveCfg = Release|Any CPU
		{99E9DD98-A5FC-4159-938B-7A3CF2DBAF13}.Release|Any CPU.Build.0 = Release|Any CPU
	EndGlobalSection
	GlobalSection(SolutionProperties) = preSolution
		HideSolutionNode = FALSE
	EndGlobalSection
	GlobalSection(ExtensibilityGlobals) = postSolution
		SolutionGuid = {DD129C5E-E684-493D-B5FA-1007254BCD72}
	EndGlobalSection
EndGlobal
